
Microsoft Visual Studio Solution File, Format Version 12.00
# Visual Studio Version 16
VisualStudioVersion = 16.0.31911.196
MinimumVisualStudioVersion = 10.0.40219.1
Project("{FAE04EC0-301F-11D3-BF4B-00C04F79EFBC}") = "VipProject", "VipProject\VipProject.csproj", "{B6283846-6C6E-4A2C-92E1-85A7CA48200C}"
EndProject
Global
	GlobalSection(SolutionConfigurationPlatforms) = preSolution
		Debug|Any CPU = Debug|Any CPU
		Release|Any CPU = Release|Any CPU
	EndGlobalSection
	GlobalSection(ProjectConfigurationPlatforms) = postSolution
		{B6283846-6C6E-4A2C-92E1-85A7CA48200C}.Debug|Any CPU.ActiveCfg = Debug|Any CPU
		{B6283846-6C6E-4A2C-92E1-85A7CA48200C}.Debug|Any CPU.Build.0 = Debug|Any CPU
		{B6283846-6C6E-4A2C-92E1-85A7CA48200C}.Release|Any CPU.ActiveCfg = Release|Any CPU
		{B6283846-6C6E-4A2C-92E1-85A7CA48200C}.Release|Any CPU.Build.0 = Release|Any CPU
	EndGlobalSection
	GlobalSection(SolutionProperties) = preSolution
		HideSolutionNode = FALSE
	EndGlobalSection
	GlobalSection(ExtensibilityGlobals) = postSolution
		SolutionGuid = {739EF156-C40D-4E8D-88AB-0DFC20AE1ED1}
	EndGlobalSection
EndGlobal
