
Microsoft Visual Studio Solution File, Format Version 12.00
# Visual Studio Version 16
VisualStudioVersion = 16.0.31911.196
MinimumVisualStudioVersion = 10.0.40219.1
Project("{FAE04EC0-301F-11D3-BF4B-00C04F79EFBC}") = "01-01-作业", "01-01-作业\01-01-作业.csproj", "{5612630F-6E20-4CD9-84CB-07B0B6E48CF9}"
EndProject
Project("{FAE04EC0-301F-11D3-BF4B-00C04F79EFBC}") = "02-01-作业", "02-01-作业\02-01-作业.csproj", "{80211823-DF67-4C61-974E-6B89B41D14C8}"
EndProject
Project("{FAE04EC0-301F-11D3-BF4B-00C04F79EFBC}") = "02-02-作业", "02-02-作业\02-02-作业.csproj", "{B4F670B3-AE27-4796-A614-84E97CF7BAB8}"
EndProject
Project("{FAE04EC0-301F-11D3-BF4B-00C04F79EFBC}") = "03-01-作业", "03-01-作业\03-01-作业.csproj", "{BA70E8C6-532B-4435-98EF-B90F711D9F43}"
EndProject
Project("{FAE04EC0-301F-11D3-BF4B-00C04F79EFBC}") = "03-02-作业", "03-02-作业\03-02-作业.csproj", "{83FD05E0-1C6B-456F-99AE-941C3B036D32}"
EndProject
Project("{FAE04EC0-301F-11D3-BF4B-00C04F79EFBC}") = "04-01-作业", "04-01-作业\04-01-作业.csproj", "{C0A7CBB0-298A-4C7B-BE22-82C9B22AD8B7}"
EndProject
Project("{FAE04EC0-301F-11D3-BF4B-00C04F79EFBC}") = "05-01-作业", "05-01-作业\05-01-作业.csproj", "{A8396918-AAA4-4FDC-ACA0-B2EB5F5D450A}"
EndProject
Project("{FAE04EC0-301F-11D3-BF4B-00C04F79EFBC}") = "01-02-作业", "01-02-作业\01-02-作业.csproj", "{75759CBD-2B8C-472F-A625-CF970D3D62F0}"
EndProject
Project("{FAE04EC0-301F-11D3-BF4B-00C04F79EFBC}") = "06-01-作业", "06-01-作业\06-01-作业.csproj", "{F89DFE3E-A0D9-4E1C-A4C1-08DBA367064D}"
EndProject
Project("{FAE04EC0-301F-11D3-BF4B-00C04F79EFBC}") = "07-02-作业", "07-02-作业\07-02-作业.csproj", "{4C735564-3884-47C0-B690-DC256CDD00CA}"
EndProject
Project("{FAE04EC0-301F-11D3-BF4B-00C04F79EFBC}") = "08-03-作业", "08-03-作业\08-03-作业.csproj", "{87D2E83F-FD14-4756-A9C4-0FDFFB1C89F7}"
EndProject
Project("{FAE04EC0-301F-11D3-BF4B-00C04F79EFBC}") = "09-04-作业", "09-04-作业\09-04-作业.csproj", "{4098C23A-45C1-4B53-944C-BD2A86BDABB5}"
EndProject
Project("{FAE04EC0-301F-11D3-BF4B-00C04F79EFBC}") = "10-05-作业", "10-05-作业\10-05-作业.csproj", "{BD67E9A5-69CE-483C-8018-04D8E1380EFA}"
EndProject
Project("{FAE04EC0-301F-11D3-BF4B-00C04F79EFBC}") = "11-06-作业", "11-06-作业\11-06-作业.csproj", "{8234974A-B0F3-47D3-8CA6-CDB96BC8CDA2}"
EndProject
Project("{FAE04EC0-301F-11D3-BF4B-00C04F79EFBC}") = "12-01-附加题", "12-01-附加题\12-01-附加题.csproj", "{06EAD3BA-26BD-499A-ADA2-0264638B7E10}"
EndProject
Project("{FAE04EC0-301F-11D3-BF4B-00C04F79EFBC}") = "13-02-附加题", "13-02-附加题\13-02-附加题.csproj", "{C945F5C2-C26F-4D3C-8908-0F42F9AF3AAF}"
EndProject
Project("{FAE04EC0-301F-11D3-BF4B-00C04F79EFBC}") = "14-03-附加题", "14-03-附加题\14-03-附加题.csproj", "{265C0663-CA53-45FB-8A7D-D2E33DE62ADF}"
EndProject
Global
	GlobalSection(SolutionConfigurationPlatforms) = preSolution
		Debug|Any CPU = Debug|Any CPU
		Release|Any CPU = Release|Any CPU
	EndGlobalSection
	GlobalSection(ProjectConfigurationPlatforms) = postSolution
		{5612630F-6E20-4CD9-84CB-07B0B6E48CF9}.Debug|Any CPU.ActiveCfg = Debug|Any CPU
		{5612630F-6E20-4CD9-84CB-07B0B6E48CF9}.Debug|Any CPU.Build.0 = Debug|Any CPU
		{5612630F-6E20-4CD9-84CB-07B0B6E48CF9}.Release|Any CPU.ActiveCfg = Release|Any CPU
		{5612630F-6E20-4CD9-84CB-07B0B6E48CF9}.Release|Any CPU.Build.0 = Release|Any CPU
		{80211823-DF67-4C61-974E-6B89B41D14C8}.Debug|Any CPU.ActiveCfg = Debug|Any CPU
		{80211823-DF67-4C61-974E-6B89B41D14C8}.Debug|Any CPU.Build.0 = Debug|Any CPU
		{80211823-DF67-4C61-974E-6B89B41D14C8}.Release|Any CPU.ActiveCfg = Release|Any CPU
		{80211823-DF67-4C61-974E-6B89B41D14C8}.Release|Any CPU.Build.0 = Release|Any CPU
		{B4F670B3-AE27-4796-A614-84E97CF7BAB8}.Debug|Any CPU.ActiveCfg = Debug|Any CPU
		{B4F670B3-AE27-4796-A614-84E97CF7BAB8}.Debug|Any CPU.Build.0 = Debug|Any CPU
		{B4F670B3-AE27-4796-A614-84E97CF7BAB8}.Release|Any CPU.ActiveCfg = Release|Any CPU
		{B4F670B3-AE27-4796-A614-84E97CF7BAB8}.Release|Any CPU.Build.0 = Release|Any CPU
		{BA70E8C6-532B-4435-98EF-B90F711D9F43}.Debug|Any CPU.ActiveCfg = Debug|Any CPU
		{BA70E8C6-532B-4435-98EF-B90F711D9F43}.Debug|Any CPU.Build.0 = Debug|Any CPU
		{BA70E8C6-532B-4435-98EF-B90F711D9F43}.Release|Any CPU.ActiveCfg = Release|Any CPU
		{BA70E8C6-532B-4435-98EF-B90F711D9F43}.Release|Any CPU.Build.0 = Release|Any CPU
		{83FD05E0-1C6B-456F-99AE-941C3B036D32}.Debug|Any CPU.ActiveCfg = Debug|Any CPU
		{83FD05E0-1C6B-456F-99AE-941C3B036D32}.Debug|Any CPU.Build.0 = Debug|Any CPU
		{83FD05E0-1C6B-456F-99AE-941C3B036D32}.Release|Any CPU.ActiveCfg = Release|Any CPU
		{83FD05E0-1C6B-456F-99AE-941C3B036D32}.Release|Any CPU.Build.0 = Release|Any CPU
		{C0A7CBB0-298A-4C7B-BE22-82C9B22AD8B7}.Debug|Any CPU.ActiveCfg = Debug|Any CPU
		{C0A7CBB0-298A-4C7B-BE22-82C9B22AD8B7}.Debug|Any CPU.Build.0 = Debug|Any CPU
		{C0A7CBB0-298A-4C7B-BE22-82C9B22AD8B7}.Release|Any CPU.ActiveCfg = Release|Any CPU
		{C0A7CBB0-298A-4C7B-BE22-82C9B22AD8B7}.Release|Any CPU.Build.0 = Release|Any CPU
		{A8396918-AAA4-4FDC-ACA0-B2EB5F5D450A}.Debug|Any CPU.ActiveCfg = Debug|Any CPU
		{A8396918-AAA4-4FDC-ACA0-B2EB5F5D450A}.Debug|Any CPU.Build.0 = Debug|Any CPU
		{A8396918-AAA4-4FDC-ACA0-B2EB5F5D450A}.Release|Any CPU.ActiveCfg = Release|Any CPU
		{A8396918-AAA4-4FDC-ACA0-B2EB5F5D450A}.Release|Any CPU.Build.0 = Release|Any CPU
		{75759CBD-2B8C-472F-A625-CF970D3D62F0}.Debug|Any CPU.ActiveCfg = Debug|Any CPU
		{75759CBD-2B8C-472F-A625-CF970D3D62F0}.Debug|Any CPU.Build.0 = Debug|Any CPU
		{75759CBD-2B8C-472F-A625-CF970D3D62F0}.Release|Any CPU.ActiveCfg = Release|Any CPU
		{75759CBD-2B8C-472F-A625-CF970D3D62F0}.Release|Any CPU.Build.0 = Release|Any CPU
		{F89DFE3E-A0D9-4E1C-A4C1-08DBA367064D}.Debug|Any CPU.ActiveCfg = Debug|Any CPU
		{F89DFE3E-A0D9-4E1C-A4C1-08DBA367064D}.Debug|Any CPU.Build.0 = Debug|Any CPU
		{F89DFE3E-A0D9-4E1C-A4C1-08DBA367064D}.Release|Any CPU.ActiveCfg = Release|Any CPU
		{F89DFE3E-A0D9-4E1C-A4C1-08DBA367064D}.Release|Any CPU.Build.0 = Release|Any CPU
		{4C735564-3884-47C0-B690-DC256CDD00CA}.Debug|Any CPU.ActiveCfg = Debug|Any CPU
		{4C735564-3884-47C0-B690-DC256CDD00CA}.Debug|Any CPU.Build.0 = Debug|Any CPU
		{4C735564-3884-47C0-B690-DC256CDD00CA}.Release|Any CPU.ActiveCfg = Release|Any CPU
		{4C735564-3884-47C0-B690-DC256CDD00CA}.Release|Any CPU.Build.0 = Release|Any CPU
		{87D2E83F-FD14-4756-A9C4-0FDFFB1C89F7}.Debug|Any CPU.ActiveCfg = Debug|Any CPU
		{87D2E83F-FD14-4756-A9C4-0FDFFB1C89F7}.Debug|Any CPU.Build.0 = Debug|Any CPU
		{87D2E83F-FD14-4756-A9C4-0FDFFB1C89F7}.Release|Any CPU.ActiveCfg = Release|Any CPU
		{87D2E83F-FD14-4756-A9C4-0FDFFB1C89F7}.Release|Any CPU.Build.0 = Release|Any CPU
		{4098C23A-45C1-4B53-944C-BD2A86BDABB5}.Debug|Any CPU.ActiveCfg = Debug|Any CPU
		{4098C23A-45C1-4B53-944C-BD2A86BDABB5}.Debug|Any CPU.Build.0 = Debug|Any CPU
		{4098C23A-45C1-4B53-944C-BD2A86BDABB5}.Release|Any CPU.ActiveCfg = Release|Any CPU
		{4098C23A-45C1-4B53-944C-BD2A86BDABB5}.Release|Any CPU.Build.0 = Release|Any CPU
		{BD67E9A5-69CE-483C-8018-04D8E1380EFA}.Debug|Any CPU.ActiveCfg = Debug|Any CPU
		{BD67E9A5-69CE-483C-8018-04D8E1380EFA}.Debug|Any CPU.Build.0 = Debug|Any CPU
		{BD67E9A5-69CE-483C-8018-04D8E1380EFA}.Release|Any CPU.ActiveCfg = Release|Any CPU
		{BD67E9A5-69CE-483C-8018-04D8E1380EFA}.Release|Any CPU.Build.0 = Release|Any CPU
		{8234974A-B0F3-47D3-8CA6-CDB96BC8CDA2}.Debug|Any CPU.ActiveCfg = Debug|Any CPU
		{8234974A-B0F3-47D3-8CA6-CDB96BC8CDA2}.Debug|Any CPU.Build.0 = Debug|Any CPU
		{8234974A-B0F3-47D3-8CA6-CDB96BC8CDA2}.Release|Any CPU.ActiveCfg = Release|Any CPU
		{8234974A-B0F3-47D3-8CA6-CDB96BC8CDA2}.Release|Any CPU.Build.0 = Release|Any CPU
		{06EAD3BA-26BD-499A-ADA2-0264638B7E10}.Debug|Any CPU.ActiveCfg = Debug|Any CPU
		{06EAD3BA-26BD-499A-ADA2-0264638B7E10}.Debug|Any CPU.Build.0 = Debug|Any CPU
		{06EAD3BA-26BD-499A-ADA2-0264638B7E10}.Release|Any CPU.ActiveCfg = Release|Any CPU
		{06EAD3BA-26BD-499A-ADA2-0264638B7E10}.Release|Any CPU.Build.0 = Release|Any CPU
		{C945F5C2-C26F-4D3C-8908-0F42F9AF3AAF}.Debug|Any CPU.ActiveCfg = Debug|Any CPU
		{C945F5C2-C26F-4D3C-8908-0F42F9AF3AAF}.Debug|Any CPU.Build.0 = Debug|Any CPU
		{C945F5C2-C26F-4D3C-8908-0F42F9AF3AAF}.Release|Any CPU.ActiveCfg = Release|Any CPU
		{C945F5C2-C26F-4D3C-8908-0F42F9AF3AAF}.Release|Any CPU.Build.0 = Release|Any CPU
		{265C0663-CA53-45FB-8A7D-D2E33DE62ADF}.Debug|Any CPU.ActiveCfg = Debug|Any CPU
		{265C0663-CA53-45FB-8A7D-D2E33DE62ADF}.Debug|Any CPU.Build.0 = Debug|Any CPU
		{265C0663-CA53-45FB-8A7D-D2E33DE62ADF}.Release|Any CPU.ActiveCfg = Release|Any CPU
		{265C0663-CA53-45FB-8A7D-D2E33DE62ADF}.Release|Any CPU.Build.0 = Release|Any CPU
	EndGlobalSection
	GlobalSection(SolutionProperties) = preSolution
		HideSolutionNode = FALSE
	EndGlobalSection
	GlobalSection(ExtensibilityGlobals) = postSolution
		SolutionGuid = {68650E87-FF70-4ECE-A76E-8170745D73C1}
	EndGlobalSection
EndGlobal
