
Microsoft Visual Studio Solution File, Format Version 12.00
# Visual Studio Version 16
VisualStudioVersion = 16.0.31911.196
MinimumVisualStudioVersion = 10.0.40219.1
Project("{9A19103F-16F7-4668-BE54-9A1E7A4F7556}") = "WebApplication1", "WebApplication1\WebApplication1.csproj", "{A0965A8A-D0B5-4480-AEF4-B2CAA6356318}"
EndProject
Project("{9A19103F-16F7-4668-BE54-9A1E7A4F7556}") = "ConsoleApp1", "ConsoleApp1\ConsoleApp1.csproj", "{C4593F49-87CB-4FB0-B9E4-3EEC4F42FF5F}"
EndProject
Project("{FAE04EC0-301F-11D3-BF4B-00C04F79EFBC}") = "WpfLibrary1.text", "WpfLibrary1\WpfLibrary1.text.csproj", "{4608364D-42A1-477E-BD17-6E5ECF7C05AD}"
EndProject
Global
	GlobalSection(SolutionConfigurationPlatforms) = preSolution
		Debug|Any CPU = Debug|Any CPU
		Release|Any CPU = Release|Any CPU
	EndGlobalSection
	GlobalSection(ProjectConfigurationPlatforms) = postSolution
		{A0965A8A-D0B5-4480-AEF4-B2CAA6356318}.Debug|Any CPU.ActiveCfg = Debug|Any CPU
		{A0965A8A-D0B5-4480-AEF4-B2CAA6356318}.Debug|Any CPU.Build.0 = Debug|Any CPU
		{A0965A8A-D0B5-4480-AEF4-B2CAA6356318}.Release|Any CPU.ActiveCfg = Release|Any CPU
		{A0965A8A-D0B5-4480-AEF4-B2CAA6356318}.Release|Any CPU.Build.0 = Release|Any CPU
		{C4593F49-87CB-4FB0-B9E4-3EEC4F42FF5F}.Debug|Any CPU.ActiveCfg = Debug|Any CPU
		{C4593F49-87CB-4FB0-B9E4-3EEC4F42FF5F}.Debug|Any CPU.Build.0 = Debug|Any CPU
		{C4593F49-87CB-4FB0-B9E4-3EEC4F42FF5F}.Release|Any CPU.ActiveCfg = Release|Any CPU
		{C4593F49-87CB-4FB0-B9E4-3EEC4F42FF5F}.Release|Any CPU.Build.0 = Release|Any CPU
		{4608364D-42A1-477E-BD17-6E5ECF7C05AD}.Debug|Any CPU.ActiveCfg = Debug|Any CPU
		{4608364D-42A1-477E-BD17-6E5ECF7C05AD}.Debug|Any CPU.Build.0 = Debug|Any CPU
		{4608364D-42A1-477E-BD17-6E5ECF7C05AD}.Release|Any CPU.ActiveCfg = Release|Any CPU
		{4608364D-42A1-477E-BD17-6E5ECF7C05AD}.Release|Any CPU.Build.0 = Release|Any CPU
	EndGlobalSection
	GlobalSection(SolutionProperties) = preSolution
		HideSolutionNode = FALSE
	EndGlobalSection
	GlobalSection(ExtensibilityGlobals) = postSolution
		SolutionGuid = {665CEA1F-A459-40FB-9DFF-708E1B6B863F}
	EndGlobalSection
EndGlobal
