
Microsoft Visual Studio Solution File, Format Version 12.00
# Visual Studio Version 16
VisualStudioVersion = 16.0.31911.196
MinimumVisualStudioVersion = 10.0.40219.1
Project("{FAE04EC0-301F-11D3-BF4B-00C04F79EFBC}") = "01-上机", "01-上机\01-上机.csproj", "{B64493CE-7E8D-49F0-A42D-67D15690D5AD}"
EndProject
Project("{FAE04EC0-301F-11D3-BF4B-00C04F79EFBC}") = "02-课后", "02-课后\02-课后.csproj", "{C2690D05-CA74-4DCD-8BD2-713444A7C735}"
EndProject
Project("{FAE04EC0-301F-11D3-BF4B-00C04F79EFBC}") = "03-附加题", "03-附加题\03-附加题.csproj", "{39279EE2-8074-4CF1-9670-0CE13380D097}"
EndProject
Global
	GlobalSection(SolutionConfigurationPlatforms) = preSolution
		Debug|Any CPU = Debug|Any CPU
		Release|Any CPU = Release|Any CPU
	EndGlobalSection
	GlobalSection(ProjectConfigurationPlatforms) = postSolution
		{B64493CE-7E8D-49F0-A42D-67D15690D5AD}.Debug|Any CPU.ActiveCfg = Debug|Any CPU
		{B64493CE-7E8D-49F0-A42D-67D15690D5AD}.Debug|Any CPU.Build.0 = Debug|Any CPU
		{B64493CE-7E8D-49F0-A42D-67D15690D5AD}.Release|Any CPU.ActiveCfg = Release|Any CPU
		{B64493CE-7E8D-49F0-A42D-67D15690D5AD}.Release|Any CPU.Build.0 = Release|Any CPU
		{C2690D05-CA74-4DCD-8BD2-713444A7C735}.Debug|Any CPU.ActiveCfg = Debug|Any CPU
		{C2690D05-CA74-4DCD-8BD2-713444A7C735}.Debug|Any CPU.Build.0 = Debug|Any CPU
		{C2690D05-CA74-4DCD-8BD2-713444A7C735}.Release|Any CPU.ActiveCfg = Release|Any CPU
		{C2690D05-CA74-4DCD-8BD2-713444A7C735}.Release|Any CPU.Build.0 = Release|Any CPU
		{39279EE2-8074-4CF1-9670-0CE13380D097}.Debug|Any CPU.ActiveCfg = Debug|Any CPU
		{39279EE2-8074-4CF1-9670-0CE13380D097}.Debug|Any CPU.Build.0 = Debug|Any CPU
		{39279EE2-8074-4CF1-9670-0CE13380D097}.Release|Any CPU.ActiveCfg = Release|Any CPU
		{39279EE2-8074-4CF1-9670-0CE13380D097}.Release|Any CPU.Build.0 = Release|Any CPU
	EndGlobalSection
	GlobalSection(SolutionProperties) = preSolution
		HideSolutionNode = FALSE
	EndGlobalSection
	GlobalSection(ExtensibilityGlobals) = postSolution
		SolutionGuid = {A144C045-C07D-48B6-A929-FD5B36C24605}
	EndGlobalSection
EndGlobal
