
Microsoft Visual Studio Solution File, Format Version 12.00
# Visual Studio Version 16
VisualStudioVersion = 16.0.31911.196
MinimumVisualStudioVersion = 10.0.40219.1
Project("{FAE04EC0-301F-11D3-BF4B-00C04F79EFBC}") = "超市系统", "超市系统\超市系统.csproj", "{18D2B52A-8EA5-40F2-B29C-A3F87A13FEBE}"
EndProject
Global
	GlobalSection(SolutionConfigurationPlatforms) = preSolution
		Debug|Any CPU = Debug|Any CPU
		Release|Any CPU = Release|Any CPU
	EndGlobalSection
	GlobalSection(ProjectConfigurationPlatforms) = postSolution
		{18D2B52A-8EA5-40F2-B29C-A3F87A13FEBE}.Debug|Any CPU.ActiveCfg = Debug|Any CPU
		{18D2B52A-8EA5-40F2-B29C-A3F87A13FEBE}.Debug|Any CPU.Build.0 = Debug|Any CPU
		{18D2B52A-8EA5-40F2-B29C-A3F87A13FEBE}.Release|Any CPU.ActiveCfg = Release|Any CPU
		{18D2B52A-8EA5-40F2-B29C-A3F87A13FEBE}.Release|Any CPU.Build.0 = Release|Any CPU
	EndGlobalSection
	GlobalSection(SolutionProperties) = preSolution
		HideSolutionNode = FALSE
	EndGlobalSection
	GlobalSection(ExtensibilityGlobals) = postSolution
		SolutionGuid = {324CE97A-8E4A-4BF4-845D-C9D91A76255D}
	EndGlobalSection
EndGlobal
