
Microsoft Visual Studio Solution File, Format Version 12.00
# Visual Studio Version 16
VisualStudioVersion = 16.0.31911.196
MinimumVisualStudioVersion = 10.0.40219.1
Project("{FAE04EC0-301F-11D3-BF4B-00C04F79EFBC}") = "01-作业1", "01-作业1\01-作业1.csproj", "{7F0A1EC7-59E2-4F4F-BF99-E5F7FFCB04D9}"
EndProject
Project("{FAE04EC0-301F-11D3-BF4B-00C04F79EFBC}") = "02-作业2", "02-作业2\02-作业2.csproj", "{F19003EB-AE7C-48F9-ACD9-A5F6C49EB0CA}"
EndProject
Project("{FAE04EC0-301F-11D3-BF4B-00C04F79EFBC}") = "03-作业3", "03-作业3\03-作业3.csproj", "{02149878-F609-4F1B-8338-A163425F8422}"
EndProject
Global
	GlobalSection(SolutionConfigurationPlatforms) = preSolution
		Debug|Any CPU = Debug|Any CPU
		Release|Any CPU = Release|Any CPU
	EndGlobalSection
	GlobalSection(ProjectConfigurationPlatforms) = postSolution
		{7F0A1EC7-59E2-4F4F-BF99-E5F7FFCB04D9}.Debug|Any CPU.ActiveCfg = Debug|Any CPU
		{7F0A1EC7-59E2-4F4F-BF99-E5F7FFCB04D9}.Debug|Any CPU.Build.0 = Debug|Any CPU
		{7F0A1EC7-59E2-4F4F-BF99-E5F7FFCB04D9}.Release|Any CPU.ActiveCfg = Release|Any CPU
		{7F0A1EC7-59E2-4F4F-BF99-E5F7FFCB04D9}.Release|Any CPU.Build.0 = Release|Any CPU
		{F19003EB-AE7C-48F9-ACD9-A5F6C49EB0CA}.Debug|Any CPU.ActiveCfg = Debug|Any CPU
		{F19003EB-AE7C-48F9-ACD9-A5F6C49EB0CA}.Debug|Any CPU.Build.0 = Debug|Any CPU
		{F19003EB-AE7C-48F9-ACD9-A5F6C49EB0CA}.Release|Any CPU.ActiveCfg = Release|Any CPU
		{F19003EB-AE7C-48F9-ACD9-A5F6C49EB0CA}.Release|Any CPU.Build.0 = Release|Any CPU
		{02149878-F609-4F1B-8338-A163425F8422}.Debug|Any CPU.ActiveCfg = Debug|Any CPU
		{02149878-F609-4F1B-8338-A163425F8422}.Debug|Any CPU.Build.0 = Debug|Any CPU
		{02149878-F609-4F1B-8338-A163425F8422}.Release|Any CPU.ActiveCfg = Release|Any CPU
		{02149878-F609-4F1B-8338-A163425F8422}.Release|Any CPU.Build.0 = Release|Any CPU
	EndGlobalSection
	GlobalSection(SolutionProperties) = preSolution
		HideSolutionNode = FALSE
	EndGlobalSection
	GlobalSection(ExtensibilityGlobals) = postSolution
		SolutionGuid = {F56833BF-FDD0-4069-BB83-2FD6F11BF7DA}
	EndGlobalSection
EndGlobal
