
Microsoft Visual Studio Solution File, Format Version 12.00
# Visual Studio Version 16
VisualStudioVersion = 16.0.31911.196
MinimumVisualStudioVersion = 10.0.40219.1
Project("{FAE04EC0-301F-11D3-BF4B-00C04F79EFBC}") = "坦克大战", "坦克大战\坦克大战.csproj", "{C55C9684-150F-4156-81C1-B4D1FF652394}"
EndProject
Global
	GlobalSection(SolutionConfigurationPlatforms) = preSolution
		Debug|Any CPU = Debug|Any CPU
		Release|Any CPU = Release|Any CPU
	EndGlobalSection
	GlobalSection(ProjectConfigurationPlatforms) = postSolution
		{C55C9684-150F-4156-81C1-B4D1FF652394}.Debug|Any CPU.ActiveCfg = Debug|Any CPU
		{C55C9684-150F-4156-81C1-B4D1FF652394}.Debug|Any CPU.Build.0 = Debug|Any CPU
		{C55C9684-150F-4156-81C1-B4D1FF652394}.Release|Any CPU.ActiveCfg = Release|Any CPU
		{C55C9684-150F-4156-81C1-B4D1FF652394}.Release|Any CPU.Build.0 = Release|Any CPU
	EndGlobalSection
	GlobalSection(SolutionProperties) = preSolution
		HideSolutionNode = FALSE
	EndGlobalSection
	GlobalSection(ExtensibilityGlobals) = postSolution
		SolutionGuid = {52375C5D-FD3C-42D2-9E34-63EDFA74B5A9}
	EndGlobalSection
EndGlobal
