
Microsoft Visual Studio Solution File, Format Version 12.00
# Visual Studio Version 16
VisualStudioVersion = 16.0.31911.196
MinimumVisualStudioVersion = 10.0.40219.1
Project("{FAE04EC0-301F-11D3-BF4B-00C04F79EFBC}") = "VipProject", "VipProject\VipProject.csproj", "{1559B47B-E3B2-4F61-BB8C-2E9FDE1FFA9C}"
EndProject
Global
	GlobalSection(SolutionConfigurationPlatforms) = preSolution
		Debug|Any CPU = Debug|Any CPU
		Release|Any CPU = Release|Any CPU
	EndGlobalSection
	GlobalSection(ProjectConfigurationPlatforms) = postSolution
		{1559B47B-E3B2-4F61-BB8C-2E9FDE1FFA9C}.Debug|Any CPU.ActiveCfg = Debug|Any CPU
		{1559B47B-E3B2-4F61-BB8C-2E9FDE1FFA9C}.Debug|Any CPU.Build.0 = Debug|Any CPU
		{1559B47B-E3B2-4F61-BB8C-2E9FDE1FFA9C}.Release|Any CPU.ActiveCfg = Release|Any CPU
		{1559B47B-E3B2-4F61-BB8C-2E9FDE1FFA9C}.Release|Any CPU.Build.0 = Release|Any CPU
	EndGlobalSection
	GlobalSection(SolutionProperties) = preSolution
		HideSolutionNode = FALSE
	EndGlobalSection
	GlobalSection(ExtensibilityGlobals) = postSolution
		SolutionGuid = {A9EAD787-9E7C-4B89-9A75-C39938DEB4E1}
	EndGlobalSection
EndGlobal
