
Microsoft Visual Studio Solution File, Format Version 12.00
# Visual Studio Version 16
VisualStudioVersion = 16.0.31911.196
MinimumVisualStudioVersion = 10.0.40219.1
Project("{9A19103F-16F7-4668-BE54-9A1E7A4F7556}") = "01-作业", "01-作业\01-作业.csproj", "{DD3EE96C-F486-4117-9356-475B478E5F42}"
EndProject
Project("{FAE04EC0-301F-11D3-BF4B-00C04F79EFBC}") = "02-附加题", "02-附加题\02-附加题.csproj", "{0F091253-4253-42E8-8850-FA56230612D9}"
EndProject
Global
	GlobalSection(SolutionConfigurationPlatforms) = preSolution
		Debug|Any CPU = Debug|Any CPU
		Release|Any CPU = Release|Any CPU
	EndGlobalSection
	GlobalSection(ProjectConfigurationPlatforms) = postSolution
		{DD3EE96C-F486-4117-9356-475B478E5F42}.Debug|Any CPU.ActiveCfg = Debug|Any CPU
		{DD3EE96C-F486-4117-9356-475B478E5F42}.Debug|Any CPU.Build.0 = Debug|Any CPU
		{DD3EE96C-F486-4117-9356-475B478E5F42}.Release|Any CPU.ActiveCfg = Release|Any CPU
		{DD3EE96C-F486-4117-9356-475B478E5F42}.Release|Any CPU.Build.0 = Release|Any CPU
		{0F091253-4253-42E8-8850-FA56230612D9}.Debug|Any CPU.ActiveCfg = Debug|Any CPU
		{0F091253-4253-42E8-8850-FA56230612D9}.Debug|Any CPU.Build.0 = Debug|Any CPU
		{0F091253-4253-42E8-8850-FA56230612D9}.Release|Any CPU.ActiveCfg = Release|Any CPU
		{0F091253-4253-42E8-8850-FA56230612D9}.Release|Any CPU.Build.0 = Release|Any CPU
	EndGlobalSection
	GlobalSection(SolutionProperties) = preSolution
		HideSolutionNode = FALSE
	EndGlobalSection
	GlobalSection(ExtensibilityGlobals) = postSolution
		SolutionGuid = {0579BF1F-F469-447C-B696-9C35A96FEB88}
	EndGlobalSection
EndGlobal
