
Microsoft Visual Studio Solution File, Format Version 12.00
# Visual Studio Version 16
VisualStudioVersion = 16.0.31911.196
MinimumVisualStudioVersion = 10.0.40219.1
Project("{FAE04EC0-301F-11D3-BF4B-00C04F79EFBC}") = "点餐系统", "点餐系统\点餐系统.csproj", "{DDB8D0CF-3963-4B8B-A1D9-45129BF08535}"
EndProject
Global
	GlobalSection(SolutionConfigurationPlatforms) = preSolution
		Debug|Any CPU = Debug|Any CPU
		Release|Any CPU = Release|Any CPU
	EndGlobalSection
	GlobalSection(ProjectConfigurationPlatforms) = postSolution
		{DDB8D0CF-3963-4B8B-A1D9-45129BF08535}.Debug|Any CPU.ActiveCfg = Debug|Any CPU
		{DDB8D0CF-3963-4B8B-A1D9-45129BF08535}.Debug|Any CPU.Build.0 = Debug|Any CPU
		{DDB8D0CF-3963-4B8B-A1D9-45129BF08535}.Release|Any CPU.ActiveCfg = Release|Any CPU
		{DDB8D0CF-3963-4B8B-A1D9-45129BF08535}.Release|Any CPU.Build.0 = Release|Any CPU
	EndGlobalSection
	GlobalSection(SolutionProperties) = preSolution
		HideSolutionNode = FALSE
	EndGlobalSection
	GlobalSection(ExtensibilityGlobals) = postSolution
		SolutionGuid = {EFA8A9C6-F392-4363-856A-E1848E722F42}
	EndGlobalSection
EndGlobal
